PODS:
  - Firebase (2.5.0)
  - HMSegmentedControl (1.5.5)

DEPENDENCIES:
  - Firebase (= 2.5.0)
  - HMSegmentedControl

SPEC REPOS:
  trunk:
    - Firebase
    - HMSegmentedControl

SPEC CHECKSUMS:
  Firebase: 744617c0733b45198f9486ebd5cac64ec2d10d79
  HMSegmentedControl: f514c6dad47aa3065e0ed2e8046b73efc71221b9

PODFILE CHECKSUM: eca91bf3572eeabd0a0fb5367210e5046172d928

COCOAPODS: 1.8.1
