PODS:
  - Firebase (2.5.0)
  - HMSegmentedControl (1.5.5)
  - LCLib (0.0.1)

DEPENDENCIES:
  - Firebase (= 2.5.0)
  - HMSegmentedControl
  - LCLib (from `~/Work/Swift/LCLib`)

SPEC REPOS:
  trunk:
    - Firebase
    - HMSegmentedControl

EXTERNAL SOURCES:
  LCLib:
    :path: "~/Work/Swift/LCLib"

SPEC CHECKSUMS:
  Firebase: 744617c0733b45198f9486ebd5cac64ec2d10d79
  HMSegmentedControl: f514c6dad47aa3065e0ed2e8046b73efc71221b9
  LCLib: f22b6f365c4f840ebf85f6f00a8867b4d7089086

PODFILE CHECKSUM: 605ff1a1374c0413eab1124819a81fa4e783a60f

COCOAPODS: 1.8.1
